
Microsoft Visual Studio Solution File, Format Version 11.00
# Visual Studio 2010
Project("{2150E333-8FDC-42A3-9474-1A3956D46DE8}") = "Solution Items", "Solution Items", "{AF57B7A6-2FEA-4B7C-B269-1B4F5F9F04F5}"
	ProjectSection(SolutionItems) = preProject
		careers.vsmdi = careers.vsmdi
		Local.testsettings = Local.testsettings
		TraceAndTestImpact.testsettings = TraceAndTestImpact.testsettings
	EndProjectSection
EndProject
Project("{FAE04EC0-301F-11D3-BF4B-00C04F79EFBC}") = "App", "DAL\DAL\App.csproj", "{FE26B454-3D49-494A-AB4B-10E3B405DCE8}"
EndProject
Project("{FAE04EC0-301F-11D3-BF4B-00C04F79EFBC}") = "TestCases", "TestCases\TestCases.csproj", "{23636D7A-0600-4DF3-9E15-1F2CC7619577}"
EndProject
Project("{FAE04EC0-301F-11D3-BF4B-00C04F79EFBC}") = "Restfull", "Restfull\Restfull.csproj", "{EBE8FBEF-6A41-4CD1-95C0-C900E282715E}"
EndProject
Project("{FAE04EC0-301F-11D3-BF4B-00C04F79EFBC}") = "RESTClient", "RESTClient\RESTClient.csproj", "{D164DB32-8C94-4A57-88AA-CF39E9327D37}"
EndProject
Global
	GlobalSection(TestCaseManagementSettings) = postSolution
		CategoryFile = careers.vsmdi
	EndGlobalSection
	GlobalSection(SolutionConfigurationPlatforms) = preSolution
		Debug|Any CPU = Debug|Any CPU
		Debug|Mixed Platforms = Debug|Mixed Platforms
		Debug|x86 = Debug|x86
		Release|Any CPU = Release|Any CPU
		Release|Mixed Platforms = Release|Mixed Platforms
		Release|x86 = Release|x86
	EndGlobalSection
	GlobalSection(ProjectConfigurationPlatforms) = postSolution
		{FE26B454-3D49-494A-AB4B-10E3B405DCE8}.Debug|Any CPU.ActiveCfg = Debug|Any CPU
		{FE26B454-3D49-494A-AB4B-10E3B405DCE8}.Debug|Any CPU.Build.0 = Debug|Any CPU
		{FE26B454-3D49-494A-AB4B-10E3B405DCE8}.Debug|Mixed Platforms.ActiveCfg = Debug|Any CPU
		{FE26B454-3D49-494A-AB4B-10E3B405DCE8}.Debug|Mixed Platforms.Build.0 = Debug|Any CPU
		{FE26B454-3D49-494A-AB4B-10E3B405DCE8}.Debug|x86.ActiveCfg = Debug|Any CPU
		{FE26B454-3D49-494A-AB4B-10E3B405DCE8}.Release|Any CPU.ActiveCfg = Release|Any CPU
		{FE26B454-3D49-494A-AB4B-10E3B405DCE8}.Release|Any CPU.Build.0 = Release|Any CPU
		{FE26B454-3D49-494A-AB4B-10E3B405DCE8}.Release|Mixed Platforms.ActiveCfg = Release|Any CPU
		{FE26B454-3D49-494A-AB4B-10E3B405DCE8}.Release|Mixed Platforms.Build.0 = Release|Any CPU
		{FE26B454-3D49-494A-AB4B-10E3B405DCE8}.Release|x86.ActiveCfg = Release|Any CPU
		{23636D7A-0600-4DF3-9E15-1F2CC7619577}.Debug|Any CPU.ActiveCfg = Debug|Any CPU
		{23636D7A-0600-4DF3-9E15-1F2CC7619577}.Debug|Any CPU.Build.0 = Debug|Any CPU
		{23636D7A-0600-4DF3-9E15-1F2CC7619577}.Debug|Mixed Platforms.ActiveCfg = Debug|Any CPU
		{23636D7A-0600-4DF3-9E15-1F2CC7619577}.Debug|Mixed Platforms.Build.0 = Debug|Any CPU
		{23636D7A-0600-4DF3-9E15-1F2CC7619577}.Debug|x86.ActiveCfg = Debug|Any CPU
		{23636D7A-0600-4DF3-9E15-1F2CC7619577}.Release|Any CPU.ActiveCfg = Release|Any CPU
		{23636D7A-0600-4DF3-9E15-1F2CC7619577}.Release|Any CPU.Build.0 = Release|Any CPU
		{23636D7A-0600-4DF3-9E15-1F2CC7619577}.Release|Mixed Platforms.ActiveCfg = Release|Any CPU
		{23636D7A-0600-4DF3-9E15-1F2CC7619577}.Release|Mixed Platforms.Build.0 = Release|Any CPU
		{23636D7A-0600-4DF3-9E15-1F2CC7619577}.Release|x86.ActiveCfg = Release|Any CPU
		{EBE8FBEF-6A41-4CD1-95C0-C900E282715E}.Debug|Any CPU.ActiveCfg = Debug|Any CPU
		{EBE8FBEF-6A41-4CD1-95C0-C900E282715E}.Debug|Any CPU.Build.0 = Debug|Any CPU
		{EBE8FBEF-6A41-4CD1-95C0-C900E282715E}.Debug|Mixed Platforms.ActiveCfg = Debug|Any CPU
		{EBE8FBEF-6A41-4CD1-95C0-C900E282715E}.Debug|Mixed Platforms.Build.0 = Debug|Any CPU
		{EBE8FBEF-6A41-4CD1-95C0-C900E282715E}.Debug|x86.ActiveCfg = Debug|Any CPU
		{EBE8FBEF-6A41-4CD1-95C0-C900E282715E}.Release|Any CPU.ActiveCfg = Release|Any CPU
		{EBE8FBEF-6A41-4CD1-95C0-C900E282715E}.Release|Any CPU.Build.0 = Release|Any CPU
		{EBE8FBEF-6A41-4CD1-95C0-C900E282715E}.Release|Mixed Platforms.ActiveCfg = Release|Any CPU
		{EBE8FBEF-6A41-4CD1-95C0-C900E282715E}.Release|Mixed Platforms.Build.0 = Release|Any CPU
		{EBE8FBEF-6A41-4CD1-95C0-C900E282715E}.Release|x86.ActiveCfg = Release|Any CPU
		{D164DB32-8C94-4A57-88AA-CF39E9327D37}.Debug|Any CPU.ActiveCfg = Debug|x86
		{D164DB32-8C94-4A57-88AA-CF39E9327D37}.Debug|Mixed Platforms.ActiveCfg = Debug|x86
		{D164DB32-8C94-4A57-88AA-CF39E9327D37}.Debug|Mixed Platforms.Build.0 = Debug|x86
		{D164DB32-8C94-4A57-88AA-CF39E9327D37}.Debug|x86.ActiveCfg = Debug|x86
		{D164DB32-8C94-4A57-88AA-CF39E9327D37}.Debug|x86.Build.0 = Debug|x86
		{D164DB32-8C94-4A57-88AA-CF39E9327D37}.Release|Any CPU.ActiveCfg = Release|x86
		{D164DB32-8C94-4A57-88AA-CF39E9327D37}.Release|Mixed Platforms.ActiveCfg = Release|x86
		{D164DB32-8C94-4A57-88AA-CF39E9327D37}.Release|Mixed Platforms.Build.0 = Release|x86
		{D164DB32-8C94-4A57-88AA-CF39E9327D37}.Release|x86.ActiveCfg = Release|x86
		{D164DB32-8C94-4A57-88AA-CF39E9327D37}.Release|x86.Build.0 = Release|x86
	EndGlobalSection
	GlobalSection(SolutionProperties) = preSolution
		HideSolutionNode = FALSE
	EndGlobalSection
EndGlobal
